// !$*UTF8*$!
{
	archiveVersion = 1;
	classes = {
	};
	objectVersion = 46;
	objects = {

/* Begin PBXBuildFile section */
		5929907C1EA458B400AF41B3 /* AppDelegate.swift in Sources */ = {isa = PBXBuildFile; fileRef = 5929907B1EA458B400AF41B3 /* AppDelegate.swift */; };
		5929907E1EA458B400AF41B3 /* ViewController.swift in Sources */ = {isa = PBXBuildFile; fileRef = 5929907D1EA458B400AF41B3 /* ViewController.swift */; };
		592990811EA458B400AF41B3 /* Main.storyboard in Resources */ = {isa = PBXBuildFile; fileRef = 5929907F1EA458B400AF41B3 /* Main.storyboard */; };
		592990831EA458B400AF41B3 /* Assets.xcassets in Resources */ = {isa = PBXBuildFile; fileRef = 592990821EA458B400AF41B3 /* Assets.xcassets */; };
		592990861EA458B400AF41B3 /* LaunchScreen.storyboard in Resources */ = {isa = PBXBuildFile; fileRef = 592990841EA458B400AF41B3 /* LaunchScreen.storyboard */; };
		592990911EA458B400AF41B3 /* DataSourceTests.swift in Sources */ = {isa = PBXBuildFile; fileRef = 592990901EA458B400AF41B3 /* DataSourceTests.swift */; };
		5929909C1EA458B400AF41B3 /* DataSourceUITests.swift in Sources */ = {isa = PBXBuildFile; fileRef = 5929909B1EA458B400AF41B3 /* DataSourceUITests.swift */; };
		592990AD1EA45AB700AF41B3 /* DataSource.swift in Sources */ = {isa = PBXBuildFile; fileRef = 592990AC1EA45AB700AF41B3 /* DataSource.swift */; };
		592990AF1EA45AD200AF41B3 /* TableViewCellOne.swift in Sources */ = {isa = PBXBuildFile; fileRef = 592990AE1EA45AD200AF41B3 /* TableViewCellOne.swift */; };
		592990B11EA45ADD00AF41B3 /* TableViewCellTwo.swift in Sources */ = {isa = PBXBuildFile; fileRef = 592990B01EA45ADD00AF41B3 /* TableViewCellTwo.swift */; };
/* End PBXBuildFile section */

/* Begin PBXContainerItemProxy section */
		5929908D1EA458B400AF41B3 /* PBXContainerItemProxy */ = {
			isa = PBXContainerItemProxy;
			containerPortal = 592990701EA458B400AF41B3 /* Project object */;
			proxyType = 1;
			remoteGlobalIDString = 592990771EA458B400AF41B3;
			remoteInfo = DataSource;
		};
		592990981EA458B400AF41B3 /* PBXContainerItemProxy */ = {
			isa = PBXContainerItemProxy;
			containerPortal = 592990701EA458B400AF41B3 /* Project object */;
			proxyType = 1;
			remoteGlobalIDString = 592990771EA458B400AF41B3;
			remoteInfo = DataSource;
		};
/* End PBXContainerItemProxy section */

/* Begin PBXFileReference section */
		592990781EA458B400AF41B3 /* DataSource.app */ = {isa = PBXFileReference; explicitFileType = wrapper.application; includeInIndex = 0; path = DataSource.app; sourceTree = BUILT_PRODUCTS_DIR; };
		5929907B1EA458B400AF41B3 /* AppDelegate.swift */ = {isa = PBXFileReference; lastKnownFileType = sourcecode.swift; path = AppDelegate.swift; sourceTree = "<group>"; };
		5929907D1EA458B400AF41B3 /* ViewController.swift */ = {isa = PBXFileReference; lastKnownFileType = sourcecode.swift; path = ViewController.swift; sourceTree = "<group>"; };
		592990801EA458B400AF41B3 /* Base */ = {isa = PBXFileReference; lastKnownFileType = file.storyboard; name = Base; path = Base.lproj/Main.storyboard; sourceTree = "<group>"; };
		592990821EA458B400AF41B3 /* Assets.xcassets */ = {isa = PBXFileReference; lastKnownFileType = folder.assetcatalog; path = Assets.xcassets; sourceTree = "<group>"; };
		592990851EA458B400AF41B3 /* Base */ = {isa = PBXFileReference; lastKnownFileType = file.storyboard; name = Base; path = Base.lproj/LaunchScreen.storyboard; sourceTree = "<group>"; };
		592990871EA458B400AF41B3 /* Info.plist */ = {isa = PBXFileReference; lastKnownFileType = text.plist.xml; path = Info.plist; sourceTree = "<group>"; };
		5929908C1EA458B400AF41B3 /* DataSourceTests.xctest */ = {isa = PBXFileReference; explicitFileType = wrapper.cfbundle; includeInIndex = 0; path = DataSourceTests.xctest; sourceTree = BUILT_PRODUCTS_DIR; };
		592990901EA458B400AF41B3 /* DataSourceTests.swift */ = {isa = PBXFileReference; lastKnownFileType = sourcecode.swift; path = DataSourceTests.swift; sourceTree = "<group>"; };
		592990921EA458B400AF41B3 /* Info.plist */ = {isa = PBXFileReference; lastKnownFileType = text.plist.xml; path = Info.plist; sourceTree = "<group>"; };
		592990971EA458B400AF41B3 /* DataSourceUITests.xctest */ = {isa = PBXFileReference; explicitFileType = wrapper.cfbundle; includeInIndex = 0; path = DataSourceUITests.xctest; sourceTree = BUILT_PRODUCTS_DIR; };
		5929909B1EA458B400AF41B3 /* DataSourceUITests.swift */ = {isa = PBXFileReference; lastKnownFileType = sourcecode.swift; path = DataSourceUITests.swift; sourceTree = "<group>"; };
		5929909D1EA458B400AF41B3 /* Info.plist */ = {isa = PBXFileReference; lastKnownFileType = text.plist.xml; path = Info.plist; sourceTree = "<group>"; };
		592990AC1EA45AB700AF41B3 /* DataSource.swift */ = {isa = PBXFileReference; fileEncoding = 4; lastKnownFileType = sourcecode.swift; path = DataSource.swift; sourceTree = "<group>"; };
		592990AE1EA45AD200AF41B3 /* TableViewCellOne.swift */ = {isa = PBXFileReference; fileEncoding = 4; lastKnownFileType = sourcecode.swift; path = TableViewCellOne.swift; sourceTree = "<group>"; };
		592990B01EA45ADD00AF41B3 /* TableViewCellTwo.swift */ = {isa = PBXFileReference; fileEncoding = 4; lastKnownFileType = sourcecode.swift; path = TableViewCellTwo.swift; sourceTree = "<group>"; };
/* End PBXFileReference section */

/* Begin PBXFrameworksBuildPhase section */
		592990751EA458B400AF41B3 /* Frameworks */ = {
			isa = PBXFrameworksBuildPhase;
			buildActionMask = 2147483647;
			files = (
			);
			runOnlyForDeploymentPostprocessing = 0;
		};
		592990891EA458B400AF41B3 /* Frameworks */ = {
			isa = PBXFrameworksBuildPhase;
			buildActionMask = 2147483647;
			files = (
			);
			runOnlyForDeploymentPostprocessing = 0;
		};
		592990941EA458B400AF41B3 /* Frameworks */ = {
			isa = PBXFrameworksBuildPhase;
			buildActionMask = 2147483647;
			files = (
			);
			runOnlyForDeploymentPostprocessing = 0;
		};
/* End PBXFrameworksBuildPhase section */

/* Begin PBXGroup section */
		5929906F1EA458B400AF41B3 = {
			isa = PBXGroup;
			children = (
				5929907A1EA458B400AF41B3 /* DataSource */,
				5929908F1EA458B400AF41B3 /* DataSourceTests */,
				5929909A1EA458B400AF41B3 /* DataSourceUITests */,
				592990791EA458B400AF41B3 /* Products */,
			);
			sourceTree = "<group>";
		};
		592990791EA458B400AF41B3 /* Products */ = {
			isa = PBXGroup;
			children = (
				592990781EA458B400AF41B3 /* DataSource.app */,
				5929908C1EA458B400AF41B3 /* DataSourceTests.xctest */,
				592990971EA458B400AF41B3 /* DataSourceUITests.xctest */,
			);
			name = Products;
			sourceTree = "<group>";
		};
		5929907A1EA458B400AF41B3 /* DataSource */ = {
			isa = PBXGroup;
			children = (
				592990AB1EA45AB700AF41B3 /* DataSource */,
				5929907B1EA458B400AF41B3 /* AppDelegate.swift */,
				5929907D1EA458B400AF41B3 /* ViewController.swift */,
				5929907F1EA458B400AF41B3 /* Main.storyboard */,
				592990821EA458B400AF41B3 /* Assets.xcassets */,
				592990841EA458B400AF41B3 /* LaunchScreen.storyboard */,
				592990871EA458B400AF41B3 /* Info.plist */,
				592990AE1EA45AD200AF41B3 /* TableViewCellOne.swift */,
				592990B01EA45ADD00AF41B3 /* TableViewCellTwo.swift */,
			);
			path = DataSource;
			sourceTree = "<group>";
		};
		5929908F1EA458B400AF41B3 /* DataSourceTests */ = {
			isa = PBXGroup;
			children = (
				592990901EA458B400AF41B3 /* DataSourceTests.swift */,
				592990921EA458B400AF41B3 /* Info.plist */,
			);
			path = DataSourceTests;
			sourceTree = "<group>";
		};
		5929909A1EA458B400AF41B3 /* DataSourceUITests */ = {
			isa = PBXGroup;
			children = (
				5929909B1EA458B400AF41B3 /* DataSourceUITests.swift */,
				5929909D1EA458B400AF41B3 /* Info.plist */,
			);
			path = DataSourceUITests;
			sourceTree = "<group>";
		};
		592990AB1EA45AB700AF41B3 /* DataSource */ = {
			isa = PBXGroup;
			children = (
				592990AC1EA45AB700AF41B3 /* DataSource.swift */,
			);
			path = DataSource;
			sourceTree = "<group>";
		};
/* End PBXGroup section */

/* Begin PBXNativeTarget section */
		592990771EA458B400AF41B3 /* DataSource */ = {
			isa = PBXNativeTarget;
			buildConfigurationList = 592990A01EA458B400AF41B3 /* Build configuration list for PBXNativeTarget "DataSource" */;
			buildPhases = (
				592990741EA458B400AF41B3 /* Sources */,
				592990751EA458B400AF41B3 /* Frameworks */,
				592990761EA458B400AF41B3 /* Resources */,
			);
			buildRules = (
			);
			dependencies = (
			);
			name = DataSource;
			productName = DataSource;
			productReference = 592990781EA458B400AF41B3 /* DataSource.app */;
			productType = "com.apple.product-type.application";
		};
		5929908B1EA458B400AF41B3 /* DataSourceTests */ = {
			isa = PBXNativeTarget;
			buildConfigurationList = 592990A31EA458B400AF41B3 /* Build configuration list for PBXNativeTarget "DataSourceTests" */;
			buildPhases = (
				592990881EA458B400AF41B3 /* Sources */,
				592990891EA458B400AF41B3 /* Frameworks */,
				5929908A1EA458B400AF41B3 /* Resources */,
			);
			buildRules = (
			);
			dependencies = (
				5929908E1EA458B400AF41B3 /* PBXTargetDependency */,
			);
			name = DataSourceTests;
			productName = DataSourceTests;
			productReference = 5929908C1EA458B400AF41B3 /* DataSourceTests.xctest */;
			productType = "com.apple.product-type.bundle.unit-test";
		};
		592990961EA458B400AF41B3 /* DataSourceUITests */ = {
			isa = PBXNativeTarget;
			buildConfigurationList = 592990A61EA458B400AF41B3 /* Build configuration list for PBXNativeTarget "DataSourceUITests" */;
			buildPhases = (
				592990931EA458B400AF41B3 /* Sources */,
				592990941EA458B400AF41B3 /* Frameworks */,
				592990951EA458B400AF41B3 /* Resources */,
			);
			buildRules = (
			);
			dependencies = (
				592990991EA458B400AF41B3 /* PBXTargetDependency */,
			);
			name = DataSourceUITests;
			productName = DataSourceUITests;
			productReference = 592990971EA458B400AF41B3 /* DataSourceUITests.xctest */;
			productType = "com.apple.product-type.bundle.ui-testing";
		};
/* End PBXNativeTarget section */

/* Begin PBXProject section */
		592990701EA458B400AF41B3 /* Project object */ = {
			isa = PBXProject;
			attributes = {
				LastSwiftUpdateCheck = 0830;
				LastUpgradeCheck = 0830;
				ORGANIZATIONNAME = "童世超";
				TargetAttributes = {
					592990771EA458B400AF41B3 = {
						CreatedOnToolsVersion = 8.3;
						ProvisioningStyle = Automatic;
					};
					5929908B1EA458B400AF41B3 = {
						CreatedOnToolsVersion = 8.3;
						ProvisioningStyle = Automatic;
						TestTargetID = 592990771EA458B400AF41B3;
					};
					592990961EA458B400AF41B3 = {
						CreatedOnToolsVersion = 8.3;
						ProvisioningStyle = Automatic;
						TestTargetID = 592990771EA458B400AF41B3;
					};
				};
			};
			buildConfigurationList = 592990731EA458B400AF41B3 /* Build configuration list for PBXProject "DataSource" */;
			compatibilityVersion = "Xcode 3.2";
			developmentRegion = English;
			hasScannedForEncodings = 0;
			knownRegions = (
				en,
				Base,
			);
			mainGroup = 5929906F1EA458B400AF41B3;
			productRefGroup = 592990791EA458B400AF41B3 /* Products */;
			projectDirPath = "";
			projectRoot = "";
			targets = (
				592990771EA458B400AF41B3 /* DataSource */,
				5929908B1EA458B400AF41B3 /* DataSourceTests */,
				592990961EA458B400AF41B3 /* DataSourceUITests */,
			);
		};
/* End PBXProject section */

/* Begin PBXResourcesBuildPhase section */
		592990761EA458B400AF41B3 /* Resources */ = {
			isa = PBXResourcesBuildPhase;
			buildActionMask = 2147483647;
			files = (
				592990861EA458B400AF41B3 /* LaunchScreen.storyboard in Resources */,
				592990831EA458B400AF41B3 /* Assets.xcassets in Resources */,
				592990811EA458B400AF41B3 /* Main.storyboard in Resources */,
			);
			runOnlyForDeploymentPostprocessing = 0;
		};
		5929908A1EA458B400AF41B3 /* Resources */ = {
			isa = PBXResourcesBuildPhase;
			buildActionMask = 2147483647;
			files = (
			);
			runOnlyForDeploymentPostprocessing = 0;
		};
		592990951EA458B400AF41B3 /* Resources */ = {
			isa = PBXResourcesBuildPhase;
			buildActionMask = 2147483647;
			files = (
			);
			runOnlyForDeploymentPostprocessing = 0;
		};
/* End PBXResourcesBuildPhase section */

/* Begin PBXSourcesBuildPhase section */
		592990741EA458B400AF41B3 /* Sources */ = {
			isa = PBXSourcesBuildPhase;
			buildActionMask = 2147483647;
			files = (
				592990AD1EA45AB700AF41B3 /* DataSource.swift in Sources */,
				5929907E1EA458B400AF41B3 /* ViewController.swift in Sources */,
				592990B11EA45ADD00AF41B3 /* TableViewCellTwo.swift in Sources */,
				592990AF1EA45AD200AF41B3 /* TableViewCellOne.swift in Sources */,
				5929907C1EA458B400AF41B3 /* AppDelegate.swift in Sources */,
			);
			runOnlyForDeploymentPostprocessing = 0;
		};
		592990881EA458B400AF41B3 /* Sources */ = {
			isa = PBXSourcesBuildPhase;
			buildActionMask = 2147483647;
			files = (
				592990911EA458B400AF41B3 /* DataSourceTests.swift in Sources */,
			);
			runOnlyForDeploymentPostprocessing = 0;
		};
		592990931EA458B400AF41B3 /* Sources */ = {
			isa = PBXSourcesBuildPhase;
			buildActionMask = 2147483647;
			files = (
				5929909C1EA458B400AF41B3 /* DataSourceUITests.swift in Sources */,
			);
			runOnlyForDeploymentPostprocessing = 0;
		};
/* End PBXSourcesBuildPhase section */

/* Begin PBXTargetDependency section */
		5929908E1EA458B400AF41B3 /* PBXTargetDependency */ = {
			isa = PBXTargetDependency;
			target = 592990771EA458B400AF41B3 /* DataSource */;
			targetProxy = 5929908D1EA458B400AF41B3 /* PBXContainerItemProxy */;
		};
		592990991EA458B400AF41B3 /* PBXTargetDependency */ = {
			isa = PBXTargetDependency;
			target = 592990771EA458B400AF41B3 /* DataSource */;
			targetProxy = 592990981EA458B400AF41B3 /* PBXContainerItemProxy */;
		};
/* End PBXTargetDependency section */

/* Begin PBXVariantGroup section */
		5929907F1EA458B400AF41B3 /* Main.storyboard */ = {
			isa = PBXVariantGroup;
			children = (
				592990801EA458B400AF41B3 /* Base */,
			);
			name = Main.storyboard;
			sourceTree = "<group>";
		};
		592990841EA458B400AF41B3 /* LaunchScreen.storyboard */ = {
			isa = PBXVariantGroup;
			children = (
				592990851EA458B400AF41B3 /* Base */,
			);
			name = LaunchScreen.storyboard;
			sourceTree = "<group>";
		};
/* End PBXVariantGroup section */

/* Begin XCBuildConfiguration section */
		5929909E1EA458B400AF41B3 /* Debug */ = {
			isa = XCBuildConfiguration;
			buildSettings = {
				ALWAYS_SEARCH_USER_PATHS = NO;
				CLANG_ANALYZER_NONNULL = YES;
				CLANG_ANALYZER_NUMBER_OBJECT_CONVERSION = YES_AGGRESSIVE;
				CLANG_CXX_LANGUAGE_STANDARD = "gnu++0x";
				CLANG_CXX_LIBRARY = "libc++";
				CLANG_ENABLE_MODULES = YES;
				CLANG_ENABLE_OBJC_ARC = YES;
				CLANG_WARN_BOOL_CONVERSION = YES;
				CLANG_WARN_CONSTANT_CONVERSION = YES;
				CLANG_WARN_DIRECT_OBJC_ISA_USAGE = YES_ERROR;
				CLANG_WARN_DOCUMENTATION_COMMENTS = YES;
				CLANG_WARN_EMPTY_BODY = YES;
				CLANG_WARN_ENUM_CONVERSION = YES;
				CLANG_WARN_INFINITE_RECURSION = YES;
				CLANG_WARN_INT_CONVERSION = YES;
				CLANG_WARN_OBJC_ROOT_CLASS = YES_ERROR;
				CLANG_WARN_SUSPICIOUS_MOVE = YES;
				CLANG_WARN_UNREACHABLE_CODE = YES;
				CLANG_WARN__DUPLICATE_METHOD_MATCH = YES;
				"CODE_SIGN_IDENTITY[sdk=iphoneos*]" = "iPhone Developer";
				COPY_PHASE_STRIP = NO;
				DEBUG_INFORMATION_FORMAT = dwarf;
				ENABLE_STRICT_OBJC_MSGSEND = YES;
				ENABLE_TESTABILITY = YES;
				GCC_C_LANGUAGE_STANDARD = gnu99;
				GCC_DYNAMIC_NO_PIC = NO;
				GCC_NO_COMMON_BLOCKS = YES;
				GCC_OPTIMIZATION_LEVEL = 0;
				GCC_PREPROCESSOR_DEFINITIONS = (
					"DEBUG=1",
					"$(inherited)",
				);
				GCC_WARN_64_TO_32_BIT_CONVERSION = YES;
				GCC_WARN_ABOUT_RETURN_TYPE = YES_ERROR;
				GCC_WARN_UNDECLARED_SELECTOR = YES;
				GCC_WARN_UNINITIALIZED_AUTOS = YES_AGGRESSIVE;
				GCC_WARN_UNUSED_FUNCTION = YES;
				GCC_WARN_UNUSED_VARIABLE = YES;
				IPHONEOS_DEPLOYMENT_TARGET = 10.3;
				MTL_ENABLE_DEBUG_INFO = YES;
				ONLY_ACTIVE_ARCH = YES;
				SDKROOT = iphoneos;
				SWIFT_ACTIVE_COMPILATION_CONDITIONS = DEBUG;
				SWIFT_OPTIMIZATION_LEVEL = "-Onone";
			};
			name = Debug;
		};
		5929909F1EA458B400AF41B3 /* Release */ = {
			isa = XCBuildConfiguration;
			buildSettings = {
				ALWAYS_SEARCH_USER_PATHS = NO;
				CLANG_ANALYZER_NONNULL = YES;
				CLANG_ANALYZER_NUMBER_OBJECT_CONVERSION = YES_AGGRESSIVE;
				CLANG_CXX_LANGUAGE_STANDARD = "gnu++0x";
				CLANG_CXX_LIBRARY = "libc++";
				CLANG_ENABLE_MODULES = YES;
				CLANG_ENABLE_OBJC_ARC = YES;
				CLANG_WARN_BOOL_CONVERSION = YES;
				CLANG_WARN_CONSTANT_CONVERSION = YES;
				CLANG_WARN_DIRECT_OBJC_ISA_USAGE = YES_ERROR;
				CLANG_WARN_DOCUMENTATION_COMMENTS = YES;
				CLANG_WARN_EMPTY_BODY = YES;
				CLANG_WARN_ENUM_CONVERSION = YES;
				CLANG_WARN_INFINITE_RECURSION = YES;
				CLANG_WARN_INT_CONVERSION = YES;
				CLANG_WARN_OBJC_ROOT_CLASS = YES_ERROR;
				CLANG_WARN_SUSPICIOUS_MOVE = YES;
				CLANG_WARN_UNREACHABLE_CODE = YES;
				CLANG_WARN__DUPLICATE_METHOD_MATCH = YES;
				"CODE_SIGN_IDENTITY[sdk=iphoneos*]" = "iPhone Developer";
				COPY_PHASE_STRIP = NO;
				DEBUG_INFORMATION_FORMAT = "dwarf-with-dsym";
				ENABLE_NS_ASSERTIONS = NO;
				ENABLE_STRICT_OBJC_MSGSEND = YES;
				GCC_C_LANGUAGE_STANDARD = gnu99;
				GCC_NO_COMMON_BLOCKS = YES;
				GCC_WARN_64_TO_32_BIT_CONVERSION = YES;
				GCC_WARN_ABOUT_RETURN_TYPE = YES_ERROR;
				GCC_WARN_UNDECLARED_SELECTOR = YES;
				GCC_WARN_UNINITIALIZED_AUTOS = YES_AGGRESSIVE;
				GCC_WARN_UNUSED_FUNCTION = YES;
				GCC_WARN_UNUSED_VARIABLE = YES;
				IPHONEOS_DEPLOYMENT_TARGET = 10.3;
				MTL_ENABLE_DEBUG_INFO = NO;
				SDKROOT = iphoneos;
				SWIFT_OPTIMIZATION_LEVEL = "-Owholemodule";
				VALIDATE_PRODUCT = YES;
			};
			name = Release;
		};
		592990A11EA458B400AF41B3 /* Debug */ = {
			isa = XCBuildConfiguration;
			buildSettings = {
				ASSETCATALOG_COMPILER_APPICON_NAME = AppIcon;
				INFOPLIST_FILE = DataSource/Info.plist;
				LD_RUNPATH_SEARCH_PATHS = "$(inherited) @executable_path/Frameworks";
				PRODUCT_BUNDLE_IDENTIFIER = tsc.DataSource;
				PRODUCT_NAME = "$(TARGET_NAME)";
				SWIFT_VERSION = 3.0;
			};
			name = Debug;
		};
		592990A21EA458B400AF41B3 /* Release */ = {
			isa = XCBuildConfiguration;
			buildSettings = {
				ASSETCATALOG_COMPILER_APPICON_NAME = AppIcon;
				INFOPLIST_FILE = DataSource/Info.plist;
				LD_RUNPATH_SEARCH_PATHS = "$(inherited) @executable_path/Frameworks";
				PRODUCT_BUNDLE_IDENTIFIER = tsc.DataSource;
				PRODUCT_NAME = "$(TARGET_NAME)";
				SWIFT_VERSION = 3.0;
			};
			name = Release;
		};
		592990A41EA458B400AF41B3 /* Debug */ = {
			isa = XCBuildConfiguration;
			buildSettings = {
				ALWAYS_EMBED_SWIFT_STANDARD_LIBRARIES = YES;
				BUNDLE_LOADER = "$(TEST_HOST)";
				INFOPLIST_FILE = DataSourceTests/Info.plist;
				LD_RUNPATH_SEARCH_PATHS = "$(inherited) @executable_path/Frameworks @loader_path/Frameworks";
				PRODUCT_BUNDLE_IDENTIFIER = tsc.DataSourceTests;
				PRODUCT_NAME = "$(TARGET_NAME)";
				SWIFT_VERSION = 3.0;
				TEST_HOST = "$(BUILT_PRODUCTS_DIR)/DataSource.app/DataSource";
			};
			name = Debug;
		};
		592990A51EA458B400AF41B3 /* Release */ = {
			isa = XCBuildConfiguration;
			buildSettings = {
				ALWAYS_EMBED_SWIFT_STANDARD_LIBRARIES = YES;
				BUNDLE_LOADER = "$(TEST_HOST)";
				INFOPLIST_FILE = DataSourceTests/Info.plist;
				LD_RUNPATH_SEARCH_PATHS = "$(inherited) @executable_path/Frameworks @loader_path/Frameworks";
				PRODUCT_BUNDLE_IDENTIFIER = tsc.DataSourceTests;
				PRODUCT_NAME = "$(TARGET_NAME)";
				SWIFT_VERSION = 3.0;
				TEST_HOST = "$(BUILT_PRODUCTS_DIR)/DataSource.app/DataSource";
			};
			name = Release;
		};
		592990A71EA458B400AF41B3 /* Debug */ = {
			isa = XCBuildConfiguration;
			buildSettings = {
				ALWAYS_EMBED_SWIFT_STANDARD_LIBRARIES = YES;
				INFOPLIST_FILE = DataSourceUITests/Info.plist;
				LD_RUNPATH_SEARCH_PATHS = "$(inherited) @executable_path/Frameworks @loader_path/Frameworks";
				PRODUCT_BUNDLE_IDENTIFIER = tsc.DataSourceUITests;
				PRODUCT_NAME = "$(TARGET_NAME)";
				SWIFT_VERSION = 3.0;
				TEST_TARGET_NAME = DataSource;
			};
			name = Debug;
		};
		592990A81EA458B400AF41B3 /* Release */ = {
			isa = XCBuildConfiguration;
			buildSettings = {
				ALWAYS_EMBED_SWIFT_STANDARD_LIBRARIES = YES;
				INFOPLIST_FILE = DataSourceUITests/Info.plist;
				LD_RUNPATH_SEARCH_PATHS = "$(inherited) @executable_path/Frameworks @loader_path/Frameworks";
				PRODUCT_BUNDLE_IDENTIFIER = tsc.DataSourceUITests;
				PRODUCT_NAME = "$(TARGET_NAME)";
				SWIFT_VERSION = 3.0;
				TEST_TARGET_NAME = DataSource;
			};
			name = Release;
		};
/* End XCBuildConfiguration section */

/* Begin XCConfigurationList section */
		592990731EA458B400AF41B3 /* Build configuration list for PBXProject "DataSource" */ = {
			isa = XCConfigurationList;
			buildConfigurations = (
				5929909E1EA458B400AF41B3 /* Debug */,
				5929909F1EA458B400AF41B3 /* Release */,
			);
			defaultConfigurationIsVisible = 0;
			defaultConfigurationName = Release;
		};
		592990A01EA458B400AF41B3 /* Build configuration list for PBXNativeTarget "DataSource" */ = {
			isa = XCConfigurationList;
			buildConfigurations = (
				592990A11EA458B400AF41B3 /* Debug */,
				592990A21EA458B400AF41B3 /* Release */,
			);
			defaultConfigurationIsVisible = 0;
		};
		592990A31EA458B400AF41B3 /* Build configuration list for PBXNativeTarget "DataSourceTests" */ = {
			isa = XCConfigurationList;
			buildConfigurations = (
				592990A41EA458B400AF41B3 /* Debug */,
				592990A51EA458B400AF41B3 /* Release */,
			);
			defaultConfigurationIsVisible = 0;
		};
		592990A61EA458B400AF41B3 /* Build configuration list for PBXNativeTarget "DataSourceUITests" */ = {
			isa = XCConfigurationList;
			buildConfigurations = (
				592990A71EA458B400AF41B3 /* Debug */,
				592990A81EA458B400AF41B3 /* Release */,
			);
			defaultConfigurationIsVisible = 0;
		};
/* End XCConfigurationList section */
	};
	rootObject = 592990701EA458B400AF41B3 /* Project object */;
}
